
Microsoft Visual Studio Solution File, Format Version 12.00
# Visual Studio 15
VisualStudioVersion = 15.0.26730.12
MinimumVisualStudioVersion = 10.0.40219.1
Project("{9A19103F-16F7-4668-BE54-9A1E7A4F7556}") = "WebAPI", "WebApi\WebAPI.csproj", "{C1245F11-5C7B-469D-A3DD-B01096980300}"
EndProject
Project("{9A19103F-16F7-4668-BE54-9A1E7A4F7556}") = "DAL", "DAL\DAL.csproj", "{731BAEDA-EEC3-412E-821D-D46E81B9EE6A}"
EndProject
Project("{9A19103F-16F7-4668-BE54-9A1E7A4F7556}") = "Business", "Business\Business.csproj", "{EF776406-5BEB-444F-AC72-D0BCA2EC578C}"
EndProject
Project("{FAE04EC0-301F-11D3-BF4B-00C04F79EFBC}") = "ChaTexTest", "ChaTexTest\ChaTexTest.csproj", "{68D185DC-96D9-41AF-9D00-9161BF31CCD3}"
EndProject
Global
	GlobalSection(SolutionConfigurationPlatforms) = preSolution
		Debug|Any CPU = Debug|Any CPU
		Release|Any CPU = Release|Any CPU
	EndGlobalSection
	GlobalSection(ProjectConfigurationPlatforms) = postSolution
		{C1245F11-5C7B-469D-A3DD-B01096980300}.Debug|Any CPU.ActiveCfg = Debug|Any CPU
		{C1245F11-5C7B-469D-A3DD-B01096980300}.Debug|Any CPU.Build.0 = Debug|Any CPU
		{C1245F11-5C7B-469D-A3DD-B01096980300}.Release|Any CPU.ActiveCfg = Release|Any CPU
		{C1245F11-5C7B-469D-A3DD-B01096980300}.Release|Any CPU.Build.0 = Release|Any CPU
		{731BAEDA-EEC3-412E-821D-D46E81B9EE6A}.Debug|Any CPU.ActiveCfg = Debug|Any CPU
		{731BAEDA-EEC3-412E-821D-D46E81B9EE6A}.Debug|Any CPU.Build.0 = Debug|Any CPU
		{731BAEDA-EEC3-412E-821D-D46E81B9EE6A}.Release|Any CPU.ActiveCfg = Release|Any CPU
		{731BAEDA-EEC3-412E-821D-D46E81B9EE6A}.Release|Any CPU.Build.0 = Release|Any CPU
		{EF776406-5BEB-444F-AC72-D0BCA2EC578C}.Debug|Any CPU.ActiveCfg = Debug|Any CPU
		{EF776406-5BEB-444F-AC72-D0BCA2EC578C}.Debug|Any CPU.Build.0 = Debug|Any CPU
		{EF776406-5BEB-444F-AC72-D0BCA2EC578C}.Release|Any CPU.ActiveCfg = Release|Any CPU
		{EF776406-5BEB-444F-AC72-D0BCA2EC578C}.Release|Any CPU.Build.0 = Release|Any CPU
		{68D185DC-96D9-41AF-9D00-9161BF31CCD3}.Debug|Any CPU.ActiveCfg = Debug|Any CPU
		{68D185DC-96D9-41AF-9D00-9161BF31CCD3}.Debug|Any CPU.Build.0 = Debug|Any CPU
		{68D185DC-96D9-41AF-9D00-9161BF31CCD3}.Release|Any CPU.ActiveCfg = Release|Any CPU
		{68D185DC-96D9-41AF-9D00-9161BF31CCD3}.Release|Any CPU.Build.0 = Release|Any CPU
	EndGlobalSection
	GlobalSection(SolutionProperties) = preSolution
		HideSolutionNode = FALSE
	EndGlobalSection
	GlobalSection(ExtensibilityGlobals) = postSolution
		SolutionGuid = {5E955490-62AB-4BA6-87F3-148A63E129AC}
	EndGlobalSection
EndGlobal
